github.com/VividCortex/mysqlerr v1.0.0 h1:5pZ2TZA+YnzPgzBfiUWGqWmKDVNBdrkf9g+DNe1Tiq8=
github.com/VividCortex/mysqlerr v1.0.0/go.mod h1:xERx8E4tBhLvpjzdUyQiSfUxeMcATEQrflDAfXsqcAE=
github.com/go-mysql/errors v0.0.0-20180603193453-03314bea68e0 h1:meiLwrW6ukHHehydhoDxVHdQKQe7TFgEpH0A0hHBAWs=
github.com/go-mysql/errors v0.0.0-20180603193453-03314bea68e0/go.mod h1:ZH8V0509n2OSZLMYTMHzcy4hqUB+rG8ghK1zsP4i5gE=
github.com/go-sql-driver/mysql v1.6.0 h1:BCTh4TKNUYmOmMUcQ3IipzF5prigylS7XXjEkfCHuOE=
github.com/go-sql-driver/mysql v1.6.0/go.mod h1:DCzpHaOWr8IXmIStZouvnhqoel9Qv2LBy8hT2VhHyBg=
